# This file is automatically @generated by Cargo.
# It is not intended for manual editing.
version = 3

[[package]]
name = "arrayvec"
version = "0.7.4"
source = "registry+https://github.com/rust-lang/crates.io-index"
checksum = "96d30a06541fbafbc7f82ed10c06164cfbd2c401138f6addd8404629c4b16711"

[[package]]
name = "atomic-polyfill"
version = "1.0.3"
source = "registry+https://github.com/rust-lang/crates.io-index"
checksum = "8cf2bce30dfe09ef0bfaef228b9d414faaf7e563035494d7fe092dba54b300f4"
dependencies = [
 "critical-section 1.1.2",
]

[[package]]
name = "autocfg"
version = "1.1.0"
source = "registry+https://github.com/rust-lang/crates.io-index"
checksum = "d468802bab17cbc0cc575e9b053f41e72aa36bfa6b7f55e3529ffa43161b97fa"

[[package]]
name = "bare-metal"
version = "0.2.5"
source = "registry+https://github.com/rust-lang/crates.io-index"
checksum = "5deb64efa5bd81e31fcd1938615a6d98c82eafcbcd787162b6f63b91d6bac5b3"
dependencies = [
 "rustc_version 0.2.3",
]

[[package]]
name = "bare-metal"
version = "1.0.0"
source = "registry+https://github.com/rust-lang/crates.io-index"
checksum = "f8fe8f5a8a398345e52358e18ff07cc17a568fbca5c6f73873d3a62056309603"

[[package]]
name = "bitfield"
version = "0.13.2"
source = "registry+https://github.com/rust-lang/crates.io-index"
checksum = "46afbd2983a5d5a7bd740ccb198caf5b82f45c40c09c0eed36052d91cb92e719"

[[package]]
name = "bitflags"
version = "1.3.2"
source = "registry+https://github.com/rust-lang/crates.io-index"
checksum = "bef38d45163c2f1dde094a7dfd33ccf595c92905c8f8f4fdc18d06fb1037718a"

[[package]]
name = "byteorder"
version = "1.5.0"
source = "registry+https://github.com/rust-lang/crates.io-index"
checksum = "1fd0f2584146f6f2ef48085050886acf353beff7305ebd1ae69500e27c67f64b"

[[package]]
name = "circular-buffer"
version = "0.1.6"
source = "registry+https://github.com/rust-lang/crates.io-index"
checksum = "b8da9d36ad01a07a2c380bdece16e418820ffa8eda01d3debed9bff3f296a84f"

[[package]]
name = "cortex-m"
version = "0.7.7"
source = "registry+https://github.com/rust-lang/crates.io-index"
checksum = "8ec610d8f49840a5b376c69663b6369e71f4b34484b9b2eb29fb918d92516cb9"
dependencies = [
 "bare-metal 0.2.5",
 "bitfield",
 "embedded-hal 0.2.7",
 "volatile-register",
]

[[package]]
name = "cortex-m-rt"
version = "0.7.3"
source = "registry+https://github.com/rust-lang/crates.io-index"
checksum = "ee84e813d593101b1723e13ec38b6ab6abbdbaaa4546553f5395ed274079ddb1"
dependencies = [
 "cortex-m-rt-macros",
]

[[package]]
name = "cortex-m-rt-macros"
version = "0.7.0"
source = "registry+https://github.com/rust-lang/crates.io-index"
checksum = "f0f6f3e36f203cfedbc78b357fb28730aa2c6dc1ab060ee5c2405e843988d3c7"
dependencies = [
 "proc-macro2",
 "quote",
 "syn 1.0.109",
]

[[package]]
name = "crc-any"
version = "2.4.3"
source = "registry+https://github.com/rust-lang/crates.io-index"
checksum = "774646b687f63643eb0f4bf13dc263cb581c8c9e57973b6ddf78bda3994d88df"
dependencies = [
 "debug-helper",
]

[[package]]
name = "critical-section"
version = "0.2.8"
source = "registry+https://github.com/rust-lang/crates.io-index"
checksum = "c1706d332edc22aef4d9f23a6bb1c92360a403013c291af51247a737472dcae6"
dependencies = [
 "bare-metal 1.0.0",
 "critical-section 1.1.2",
]

[[package]]
name = "critical-section"
version = "1.1.2"
source = "registry+https://github.com/rust-lang/crates.io-index"
checksum = "7059fff8937831a9ae6f0fe4d658ffabf58f2ca96aa9dec1c889f936f705f216"

[[package]]
name = "darling"
version = "0.14.4"
source = "registry+https://github.com/rust-lang/crates.io-index"
checksum = "7b750cb3417fd1b327431a470f388520309479ab0bf5e323505daf0290cd3850"
dependencies = [
 "darling_core",
 "darling_macro",
]

[[package]]
name = "darling_core"
version = "0.14.4"
source = "registry+https://github.com/rust-lang/crates.io-index"
checksum = "109c1ca6e6b7f82cc233a97004ea8ed7ca123a9af07a8230878fcfda9b158bf0"
dependencies = [
 "fnv",
 "ident_case",
 "proc-macro2",
 "quote",
 "strsim",
 "syn 1.0.109",
]

[[package]]
name = "darling_macro"
version = "0.14.4"
source = "registry+https://github.com/rust-lang/crates.io-index"
checksum = "a4aab4dbc9f7611d8b55048a3a16d2d010c2c8334e46304b40ac1cc14bf3b48e"
dependencies = [
 "darling_core",
 "quote",
 "syn 1.0.109",
]

[[package]]
name = "debug-helper"
version = "0.3.13"
source = "registry+https://github.com/rust-lang/crates.io-index"
checksum = "f578e8e2c440e7297e008bb5486a3a8a194775224bbc23729b0dbdfaeebf162e"

[[package]]
name = "defmt"
version = "0.3.5"
source = "registry+https://github.com/rust-lang/crates.io-index"
checksum = "a8a2d011b2fee29fb7d659b83c43fce9a2cb4df453e16d441a51448e448f3f98"
dependencies = [
 "bitflags",
 "defmt-macros",
]

[[package]]
name = "defmt-macros"
version = "0.3.6"
source = "registry+https://github.com/rust-lang/crates.io-index"
checksum = "54f0216f6c5acb5ae1a47050a6645024e6edafc2ee32d421955eccfef12ef92e"
dependencies = [
 "defmt-parser",
 "proc-macro-error",
 "proc-macro2",
 "quote",
 "syn 2.0.31",
]

[[package]]
name = "defmt-parser"
version = "0.3.3"
source = "registry+https://github.com/rust-lang/crates.io-index"
checksum = "269924c02afd7f94bc4cecbfa5c379f6ffcf9766b3408fe63d22c728654eccd0"
dependencies = [
 "thiserror",
]

[[package]]
name = "defmt-rtt"
version = "0.3.2"
source = "registry+https://github.com/rust-lang/crates.io-index"
checksum = "1d2cbbbd58847d508d97629b32cd9730a2d28532f71e219714614406029f18b1"
dependencies = [
 "critical-section 0.2.8",
 "defmt",
]

[[package]]
name = "doc-comment"
version = "0.3.3"
source = "registry+https://github.com/rust-lang/crates.io-index"
checksum = "fea41bba32d969b513997752735605054bc0dfa92b4c56bf1189f2e174be7a10"

[[package]]
name = "either"
version = "1.9.0"
source = "registry+https://github.com/rust-lang/crates.io-index"
checksum = "a26ae43d7bcc3b814de94796a5e736d4029efb0ee900c12e2d54c993ad1a1e07"

[[package]]
name = "embedded-dma"
version = "0.2.0"
source = "registry+https://github.com/rust-lang/crates.io-index"
checksum = "994f7e5b5cb23521c22304927195f236813053eb9c065dd2226a32ba64695446"
dependencies = [
 "stable_deref_trait",
]

[[package]]
name = "embedded-hal"
version = "0.2.7"
source = "registry+https://github.com/rust-lang/crates.io-index"
checksum = "35949884794ad573cf46071e41c9b60efb0cb311e3ca01f7af807af1debc66ff"
dependencies = [
 "nb 0.1.3",
 "void",
]

[[package]]
name = "embedded-hal"
version = "1.0.0-alpha.11"
source = "registry+https://github.com/rust-lang/crates.io-index"
checksum = "f7724ebabcadfeb15920571dd727bc8ccde8586e52f2890bdb8182fdf42c3ff2"

[[package]]
name = "embedded-hal-nb"
version = "1.0.0-alpha.3"
source = "registry+https://github.com/rust-lang/crates.io-index"
checksum = "a09e4c3f8a54e60803405e1cc17e36c963ab32e654f8d6bb49d48cd8116360d7"
dependencies = [
 "embedded-hal 1.0.0-alpha.11",
 "nb 1.1.0",
]

[[package]]
name = "fnv"
version = "1.0.7"
source = "registry+https://github.com/rust-lang/crates.io-index"
checksum = "3f9eec918d3f24069decb9af1554cad7c880e2da24a9afd88aca000531ab82c1"

[[package]]
name = "frunk"
version = "0.4.2"
source = "registry+https://github.com/rust-lang/crates.io-index"
checksum = "11a351b59e12f97b4176ee78497dff72e4276fb1ceb13e19056aca7fa0206287"
dependencies = [
 "frunk_core",
 "frunk_derives",
]

[[package]]
name = "frunk_core"
version = "0.4.2"
source = "registry+https://github.com/rust-lang/crates.io-index"
checksum = "af2469fab0bd07e64ccf0ad57a1438f63160c69b2e57f04a439653d68eb558d6"

[[package]]
name = "frunk_derives"
version = "0.4.2"
source = "registry+https://github.com/rust-lang/crates.io-index"
checksum = "b0fa992f1656e1707946bbba340ad244f0814009ef8c0118eb7b658395f19a2e"
dependencies = [
 "frunk_proc_macro_helpers",
 "quote",
 "syn 2.0.31",
]

[[package]]
name = "frunk_proc_macro_helpers"
version = "0.1.2"
source = "registry+https://github.com/rust-lang/crates.io-index"
checksum = "35b54add839292b743aeda6ebedbd8b11e93404f902c56223e51b9ec18a13d2c"
dependencies = [
 "frunk_core",
 "proc-macro2",
 "quote",
 "syn 2.0.31",
]

[[package]]
name = "fugit"
version = "0.3.7"
source = "registry+https://github.com/rust-lang/crates.io-index"
checksum = "17186ad64927d5ac8f02c1e77ccefa08ccd9eaa314d5a4772278aa204a22f7e7"
dependencies = [
 "gcd",
]

[[package]]
name = "gcd"
version = "2.3.0"
source = "registry+https://github.com/rust-lang/crates.io-index"
checksum = "1d758ba1b47b00caf47f24925c0074ecb20d6dfcffe7f6d53395c0465674841a"

[[package]]
name = "hash32"
version = "0.2.1"
source = "registry+https://github.com/rust-lang/crates.io-index"
checksum = "b0c35f58762feb77d74ebe43bdbc3210f09be9fe6742234d573bacc26ed92b67"
dependencies = [
 "byteorder",
]

[[package]]
name = "heapless"
version = "0.7.17"
source = "registry+https://github.com/rust-lang/crates.io-index"
checksum = "cdc6457c0eb62c71aac4bc17216026d8410337c4126773b9c5daba343f17964f"
dependencies = [
 "atomic-polyfill",
 "hash32",
 "rustc_version 0.4.0",
 "spin",
 "stable_deref_trait",
]

[[package]]
name = "ident_case"
version = "1.0.1"
source = "registry+https://github.com/rust-lang/crates.io-index"
checksum = "b9e0384b61958566e926dc50660321d12159025e767c18e043daf26b70104c39"

[[package]]
name = "itertools"
version = "0.10.5"
source = "registry+https://github.com/rust-lang/crates.io-index"
checksum = "b0fd2260e829bddf4cb6ea802289de2f86d6a7a690192fbe91b3f46e0f2c8473"
dependencies = [
 "either",
]

[[package]]
name = "lock_api"
version = "0.4.11"
source = "registry+https://github.com/rust-lang/crates.io-index"
checksum = "3c168f8615b12bc01f9c17e2eb0cc07dcae1940121185446edc3744920e8ef45"
dependencies = [
 "autocfg",
 "scopeguard",
]

[[package]]
name = "macros"
version = "0.1.0"
source = "git+https://github.com/zaksabeast/no_std_io.git?rev=c565c47#c565c478bd685628df4b0cd706b119e5e85c9a4b"
dependencies = [
 "darling",
 "proc-macro2",
 "quote",
 "syn 1.0.109",
]

[[package]]
name = "nb"
version = "0.1.3"
source = "registry+https://github.com/rust-lang/crates.io-index"
checksum = "801d31da0513b6ec5214e9bf433a77966320625a37860f910be265be6e18d06f"
dependencies = [
 "nb 1.1.0",
]

[[package]]
name = "nb"
version = "1.1.0"
source = "registry+https://github.com/rust-lang/crates.io-index"
checksum = "8d5439c4ad607c3c23abf66de8c8bf57ba8adcd1f129e699851a6e43935d339d"

[[package]]
name = "no_std_io"
version = "0.1.0"
source = "git+https://github.com/zaksabeast/no_std_io.git?rev=c565c47#c565c478bd685628df4b0cd706b119e5e85c9a4b"
dependencies = [
 "macros",
 "safe-transmute",
 "snafu",
]

[[package]]
name = "num_enum"
version = "0.5.11"
source = "registry+https://github.com/rust-lang/crates.io-index"
checksum = "1f646caf906c20226733ed5b1374287eb97e3c2a5c227ce668c1f2ce20ae57c9"
dependencies = [
 "num_enum_derive 0.5.11",
]

[[package]]
name = "num_enum"
version = "0.7.1"
source = "registry+https://github.com/rust-lang/crates.io-index"
checksum = "683751d591e6d81200c39fb0d1032608b77724f34114db54f571ff1317b337c0"
dependencies = [
 "num_enum_derive 0.7.1",
]

[[package]]
name = "num_enum_derive"
version = "0.5.11"
source = "registry+https://github.com/rust-lang/crates.io-index"
checksum = "dcbff9bc912032c62bf65ef1d5aea88983b420f4f839db1e9b0c281a25c9c799"
dependencies = [
 "proc-macro2",
 "quote",
 "syn 1.0.109",
]

[[package]]
name = "num_enum_derive"
version = "0.7.1"
source = "registry+https://github.com/rust-lang/crates.io-index"
checksum = "6c11e44798ad209ccdd91fc192f0526a369a01234f7373e1b141c96d7cee4f0e"
dependencies = [
 "proc-macro2",
 "quote",
 "syn 2.0.31",
]

[[package]]
name = "once_cell"
version = "1.19.0"
source = "registry+https://github.com/rust-lang/crates.io-index"
checksum = "3fdb12b2476b595f9358c5161aa467c2438859caa136dec86c26fdd2efe17b92"
dependencies = [
 "critical-section 1.1.2",
 "portable-atomic",
]

[[package]]
name = "panic-halt"
version = "0.2.0"
source = "registry+https://github.com/rust-lang/crates.io-index"
checksum = "de96540e0ebde571dc55c73d60ef407c653844e6f9a1e2fdbd40c07b9252d812"

[[package]]
name = "paste"
version = "1.0.14"
source = "registry+https://github.com/rust-lang/crates.io-index"
checksum = "de3145af08024dea9fa9914f381a17b8fc6034dfb00f3a84013f7ff43f29ed4c"

[[package]]
name = "pio"
version = "0.2.1"
source = "registry+https://github.com/rust-lang/crates.io-index"
checksum = "76e09694b50f89f302ed531c1f2a7569f0be5867aee4ab4f8f729bbeec0078e3"
dependencies = [
 "arrayvec",
 "num_enum 0.5.11",
 "paste",
]

[[package]]
name = "portable-atomic"
version = "1.6.0"
source = "registry+https://github.com/rust-lang/crates.io-index"
checksum = "7170ef9988bc169ba16dd36a7fa041e5c4cbeb6a35b76d4c03daded371eae7c0"
dependencies = [
 "critical-section 1.1.2",
]

[[package]]
name = "proc-macro-error"
version = "1.0.4"
source = "registry+https://github.com/rust-lang/crates.io-index"
checksum = "da25490ff9892aab3fcf7c36f08cfb902dd3e71ca0f9f9517bea02a73a5ce38c"
dependencies = [
 "proc-macro-error-attr",
 "proc-macro2",
 "quote",
 "syn 1.0.109",
 "version_check",
]

[[package]]
name = "proc-macro-error-attr"
version = "1.0.4"
source = "registry+https://github.com/rust-lang/crates.io-index"
checksum = "a1be40180e52ecc98ad80b184934baf3d0d29f979574e439af5a55274b35f869"
dependencies = [
 "proc-macro2",
 "quote",
 "version_check",
]

[[package]]
name = "proc-macro2"
version = "1.0.66"
source = "registry+https://github.com/rust-lang/crates.io-index"
checksum = "18fb31db3f9bddb2ea821cde30a9f70117e3f119938b5ee630b7403aa6e2ead9"
dependencies = [
 "unicode-ident",
]

[[package]]
name = "quote"
version = "1.0.33"
source = "registry+https://github.com/rust-lang/crates.io-index"
checksum = "5267fca4496028628a95160fc423a33e8b2e6af8a5302579e322e4b520293cae"
dependencies = [
 "proc-macro2",
]

[[package]]
name = "rand_core"
version = "0.6.4"
source = "registry+https://github.com/rust-lang/crates.io-index"
checksum = "ec0be4795e2f6a28069bec0b5ff3e2ac9bafc99e6a9a7dc3547996c5c816922c"

[[package]]
name = "rp-pico"
version = "0.8.0"
source = "registry+https://github.com/rust-lang/crates.io-index"
checksum = "6341771e6f8e5d130b2b3cbc23435b7847761adf198af09f4b2a60407d43bd56"
dependencies = [
 "cortex-m-rt",
 "fugit",
 "rp2040-boot2",
 "rp2040-hal",
 "usb-device",
]

[[package]]
name = "rp2040-boot2"
version = "0.3.0"
source = "registry+https://github.com/rust-lang/crates.io-index"
checksum = "7c92f344f63f950ee36cf4080050e4dce850839b9175da38f9d2ffb69b4dbb21"
dependencies = [
 "crc-any",
]

[[package]]
name = "rp2040-hal"
version = "0.9.0"
source = "registry+https://github.com/rust-lang/crates.io-index"
checksum = "6ec610f738b69100fbe75f3b835501b669d41c889ac9a62ef284f8e6d1f17385"
dependencies = [
 "cortex-m",
 "critical-section 1.1.2",
 "embedded-dma",
 "embedded-hal 0.2.7",
 "embedded-hal 1.0.0-alpha.11",
 "embedded-hal-nb",
 "frunk",
 "fugit",
 "itertools",
 "nb 1.1.0",
 "paste",
 "pio",
 "rand_core",
 "rp2040-hal-macros",
 "rp2040-pac",
 "usb-device",
 "vcell",
 "void",
]

[[package]]
name = "rp2040-hal-macros"
version = "0.1.0"
source = "registry+https://github.com/rust-lang/crates.io-index"
checksum = "86479063e497efe1ae81995ef9071f54fd1c7427e04d6c5b84cde545ff672a5e"
dependencies = [
 "cortex-m-rt",
 "proc-macro2",
 "quote",
 "syn 1.0.109",
]

[[package]]
name = "rp2040-pac"
version = "0.5.0"
source = "registry+https://github.com/rust-lang/crates.io-index"
checksum = "12d9d8375815f543f54835d01160d4e47f9e2cae75f17ff8f1ec19ce1da96e4c"
dependencies = [
 "cortex-m",
 "cortex-m-rt",
 "critical-section 1.1.2",
 "vcell",
]

[[package]]
name = "rp2040-project-template"
version = "0.1.0"
dependencies = [
 "circular-buffer",
 "cortex-m",
 "cortex-m-rt",
 "critical-section 1.1.2",
 "defmt",
 "defmt-rtt",
 "embedded-hal 1.0.0-alpha.11",
 "fugit",
 "heapless",
 "no_std_io",
 "num_enum 0.7.1",
 "once_cell",
 "panic-halt",
 "portable-atomic",
 "rp-pico",
 "rp2040-hal",
 "safe-transmute",
 "static_cell",
 "usb-device",
 "usbd-serial",
 "usbd-webusb",
]

[[package]]
name = "rustc_version"
version = "0.2.3"
source = "registry+https://github.com/rust-lang/crates.io-index"
checksum = "138e3e0acb6c9fb258b19b67cb8abd63c00679d2851805ea151465464fe9030a"
dependencies = [
 "semver 0.9.0",
]

[[package]]
name = "rustc_version"
version = "0.4.0"
source = "registry+https://github.com/rust-lang/crates.io-index"
checksum = "bfa0f585226d2e68097d4f95d113b15b83a82e819ab25717ec0590d9584ef366"
dependencies = [
 "semver 1.0.21",
]

[[package]]
name = "safe-transmute"
version = "0.11.2"
source = "registry+https://github.com/rust-lang/crates.io-index"
checksum = "98a01dab6acf992653be49205bdd549f32f17cb2803e8eacf1560bf97259aae8"

[[package]]
name = "scopeguard"
version = "1.2.0"
source = "registry+https://github.com/rust-lang/crates.io-index"
checksum = "94143f37725109f92c262ed2cf5e59bce7498c01bcc1502d7b9afe439a4e9f49"

[[package]]
name = "semver"
version = "0.9.0"
source = "registry+https://github.com/rust-lang/crates.io-index"
checksum = "1d7eb9ef2c18661902cc47e535f9bc51b78acd254da71d375c2f6720d9a40403"
dependencies = [
 "semver-parser",
]

[[package]]
name = "semver"
version = "1.0.21"
source = "registry+https://github.com/rust-lang/crates.io-index"
checksum = "b97ed7a9823b74f99c7742f5336af7be5ecd3eeafcb1507d1fa93347b1d589b0"

[[package]]
name = "semver-parser"
version = "0.7.0"
source = "registry+https://github.com/rust-lang/crates.io-index"
checksum = "388a1df253eca08550bef6c72392cfe7c30914bf41df5269b68cbd6ff8f570a3"

[[package]]
name = "snafu"
version = "0.6.10"
source = "registry+https://github.com/rust-lang/crates.io-index"
checksum = "eab12d3c261b2308b0d80c26fffb58d17eba81a4be97890101f416b478c79ca7"
dependencies = [
 "doc-comment",
 "snafu-derive",
]

[[package]]
name = "snafu-derive"
version = "0.6.10"
source = "registry+https://github.com/rust-lang/crates.io-index"
checksum = "1508efa03c362e23817f96cde18abed596a25219a8b2c66e8db33c03543d315b"
dependencies = [
 "proc-macro2",
 "quote",
 "syn 1.0.109",
]

[[package]]
name = "spin"
version = "0.9.8"
source = "registry+https://github.com/rust-lang/crates.io-index"
checksum = "6980e8d7511241f8acf4aebddbb1ff938df5eebe98691418c4468d0b72a96a67"
dependencies = [
 "lock_api",
]

[[package]]
name = "stable_deref_trait"
version = "1.2.0"
source = "registry+https://github.com/rust-lang/crates.io-index"
checksum = "a8f112729512f8e442d81f95a8a7ddf2b7c6b8a1a6f509a95864142b30cab2d3"

[[package]]
name = "static_cell"
version = "2.0.0"
source = "registry+https://github.com/rust-lang/crates.io-index"
checksum = "fa6ba4cf83bf80d3eb25f098ea5e790a0a1fcb5e357442259b231e412c2d3ca0"
dependencies = [
 "portable-atomic",
]

[[package]]
name = "strsim"
version = "0.10.1"
source = "registry+https://github.com/rust-lang/crates.io-index"
checksum = "ccbca6f34534eb78dbee83f6b2c9442fea7113f43d9e80ea320f0972ae5dc08d"

[[package]]
name = "syn"
version = "1.0.109"
source = "registry+https://github.com/rust-lang/crates.io-index"
checksum = "72b64191b275b66ffe2469e8af2c1cfe3bafa67b529ead792a6d0160888b4237"
dependencies = [
 "proc-macro2",
 "quote",
 "unicode-ident",
]

[[package]]
name = "syn"
version = "2.0.31"
source = "registry+https://github.com/rust-lang/crates.io-index"
checksum = "718fa2415bcb8d8bd775917a1bf12a7931b6dfa890753378538118181e0cb398"
dependencies = [
 "proc-macro2",
 "quote",
 "unicode-ident",
]

[[package]]
name = "thiserror"
version = "1.0.48"
source = "registry+https://github.com/rust-lang/crates.io-index"
checksum = "9d6d7a740b8a666a7e828dd00da9c0dc290dff53154ea77ac109281de90589b7"
dependencies = [
 "thiserror-impl",
]

[[package]]
name = "thiserror-impl"
version = "1.0.48"
source = "registry+https://github.com/rust-lang/crates.io-index"
checksum = "49922ecae66cc8a249b77e68d1d0623c1b2c514f0060c27cdc68bd62a1219d35"
dependencies = [
 "proc-macro2",
 "quote",
 "syn 2.0.31",
]

[[package]]
name = "unicode-ident"
version = "1.0.11"
source = "registry+https://github.com/rust-lang/crates.io-index"
checksum = "301abaae475aa91687eb82514b328ab47a211a533026cb25fc3e519b86adfc3c"

[[package]]
name = "usb-device"
version = "0.2.9"
source = "registry+https://github.com/rust-lang/crates.io-index"
checksum = "1f6cc3adc849b5292b4075fc0d5fdcf2f24866e88e336dd27a8943090a520508"

[[package]]
name = "usbd-serial"
version = "0.1.1"
source = "registry+https://github.com/rust-lang/crates.io-index"
checksum = "db75519b86287f12dcf0d171c7cf4ecc839149fe9f3b720ac4cfce52959e1dfe"
dependencies = [
 "embedded-hal 0.2.7",
 "nb 0.1.3",
 "usb-device",
]

[[package]]
name = "usbd-webusb"
version = "1.0.2"
source = "registry+https://github.com/rust-lang/crates.io-index"
checksum = "ed33ecaa7a26365f13059e753bfa23f0a4a557565499f46d255c51e737464bd8"
dependencies = [
 "usb-device",
]

[[package]]
name = "vcell"
version = "0.1.3"
source = "registry+https://github.com/rust-lang/crates.io-index"
checksum = "77439c1b53d2303b20d9459b1ade71a83c716e3f9c34f3228c00e6f185d6c002"

[[package]]
name = "version_check"
version = "0.9.4"
source = "registry+https://github.com/rust-lang/crates.io-index"
checksum = "49874b5167b65d7193b8aba1567f5c7d93d001cafc34600cee003eda787e483f"

[[package]]
name = "void"
version = "1.0.2"
source = "registry+https://github.com/rust-lang/crates.io-index"
checksum = "6a02e4885ed3bc0f2de90ea6dd45ebcbb66dacffe03547fadbb0eeae2770887d"

[[package]]
name = "volatile-register"
version = "0.2.1"
source = "registry+https://github.com/rust-lang/crates.io-index"
checksum = "9ee8f19f9d74293faf70901bc20ad067dc1ad390d2cbf1e3f75f721ffee908b6"
dependencies = [
 "vcell",
]
